
Microsoft Visual Studio Solution File, Format Version 12.00
# Visual Studio Version 16
VisualStudioVersion = 16.0.29905.134
MinimumVisualStudioVersion = 10.0.40219.1
Project("{FAE04EC0-301F-11D3-BF4B-00C04F79EFBC}") = "19006697", "19006697.csproj", "{00EF884C-1653-4025-BB09-9C949D6B5D31}"
EndProject
Global
	GlobalSection(SolutionConfigurationPlatforms) = preSolution
		Debug|Any CPU = Debug|Any CPU
		Release|Any CPU = Release|Any CPU
	EndGlobalSection
	GlobalSection(ProjectConfigurationPlatforms) = postSolution
		{00EF884C-1653-4025-BB09-9C949D6B5D31}.Debug|Any CPU.ActiveCfg = Debug|Any CPU
		{00EF884C-1653-4025-BB09-9C949D6B5D31}.Debug|Any CPU.Build.0 = Debug|Any CPU
		{00EF884C-1653-4025-BB09-9C949D6B5D31}.Release|Any CPU.ActiveCfg = Release|Any CPU
		{00EF884C-1653-4025-BB09-9C949D6B5D31}.Release|Any CPU.Build.0 = Release|Any CPU
	EndGlobalSection
	GlobalSection(SolutionProperties) = preSolution
		HideSolutionNode = FALSE
	EndGlobalSection
	GlobalSection(ExtensibilityGlobals) = postSolution
		SolutionGuid = {4BE81F88-47D5-43C1-9FD0-AA8EE53F41B9}
	EndGlobalSection
EndGlobal
